{
  "name": "kamiya-memrise",
  "version": "1.0.0",
  "lockfileVersion": 1,
  "requires": true,
  "dependencies": {
    "kamiya-codec": {
      "version": "git+https://github.com/fasiha/kamiya-codec.git#5f4055c2c7ef879bc7e617bf98cf960521a1a3b0",
      "from": "git+https://github.com/fasiha/kamiya-codec.git"
    },
    "typescript": {
      "version": "3.2.2",
      "resolved": "https://registry.npmjs.org/typescript/-/typescript-3.2.2.tgz",
      "integrity": "sha512-VCj5UiSyHBjwfYacmDuc/NOk4QQixbE+Wn7MFJuS0nRuPQbof132Pw4u53dm264O8LPc2MVsc7RJNml5szurkg==",
      "dev": true
    }
  }
}
